{
  "name": "hello-world",
  "version": "1.0.0",
  "lockfileVersion": 3,
  "requires": true,
  "packages": {
    "": {
      "name": "hello-world",
      "version": "1.0.0",
      "license": "ISC",
      "dependencies": {
        "@types/aws-lambda": "^8.10.109",
        "ask-sdk-core": "^2.12.1",
        "ask-sdk-model": "^1.39.0",
        "i18next": "^22.4.6",
        "i18next-sprintf-postprocessor": "^0.2.2"
      },
      "devDependencies": {
        "@types/aws-lambda": "^8.10.109"
      }
    },
    "node_modules/@babel/runtime": {
      "version": "7.20.7",
      "license": "MIT",
      "dependencies": {
        "regenerator-runtime": "^0.13.11"
      },
      "engines": {
        "node": ">=6.9.0"
      }
    },
    "node_modules/@types/aws-lambda": {
      "version": "8.10.109",
      "resolved": "https://registry.npmjs.org/@types/aws-lambda/-/aws-lambda-8.10.109.tgz",
      "integrity": "sha512-/ME92FneNyXQzrAfcnQQlW1XkCZGPDlpi2ao1MJwecN+6SbeonKeggU8eybv1DfKli90FAVT1MlIZVXfwVuCyg==",
      "dev": true
    },
    "node_modules/ask-sdk-core": {
      "version": "2.12.1",
      "license": "Apache-2.0",
      "dependencies": {
        "ask-sdk-runtime": "^2.12.0"
      },
      "peerDependencies": {
        "ask-sdk-model": "^1.29.0"
      }
    },
    "node_modules/ask-sdk-model": {
      "version": "1.39.0",
      "license": "Apache-2.0"
    },
    "node_modules/ask-sdk-runtime": {
      "version": "2.12.0",
      "license": "Apache-2.0"
    },
    "node_modules/i18next": {
      "version": "22.4.6",
      "funding": [
        {
          "type": "individual",
          "url": "https://locize.com"
        },
        {
          "type": "individual",
          "url": "https://locize.com/i18next.html"
        },
        {
          "type": "individual",
          "url": "https://www.i18next.com/how-to/faq#i18next-is-awesome.-how-can-i-support-the-project"
        }
      ],
      "license": "MIT",
      "dependencies": {
        "@babel/runtime": "^7.20.6"
      }
    },
    "node_modules/i18next-sprintf-postprocessor": {
      "version": "0.2.2",
      "license": "MIT"
    },
    "node_modules/regenerator-runtime": {
      "version": "0.13.11",
      "license": "MIT"
    }
  }
}
