{
  "name": "hello-world",
  "version": "1.0.0",
  "lockfileVersion": 3,
  "requires": true,
  "packages": {
    "": {
      "name": "hello-world",
      "version": "1.0.0",
      "license": "ISC",
      "dependencies": {
        "@types/aws-lambda": "^8.10.109",
        "ask-sdk-core": "^2.12.1",
        "ask-sdk-model": "^1.39.0",
        "i18next": "^22.4.6",
        "i18next-sprintf-postprocessor": "^0.2.2"
      },
      "devDependencies": {
        "@types/aws-lambda": "^8.10.109"
      }
    },
    "node_modules/@babel/runtime": {
      "version": "7.20.7",
      "resolved": "https://registry.npmjs.org/@babel/runtime/-/runtime-7.20.7.tgz",
      "integrity": "sha512-UF0tvkUtxwAgZ5W/KrkHf0Rn0fdnLDU9ScxBrEVNUprE/MzirjK4MJUX1/BVDv00Sv8cljtukVK1aky++X1SjQ==",
      "dependencies": {
        "regenerator-runtime": "^0.13.11"
      },
      "engines": {
        "node": ">=6.9.0"
      }
    },
    "node_modules/@types/aws-lambda": {
      "version": "8.10.109",
      "resolved": "https://registry.npmjs.org/@types/aws-lambda/-/aws-lambda-8.10.109.tgz",
      "integrity": "sha512-/ME92FneNyXQzrAfcnQQlW1XkCZGPDlpi2ao1MJwecN+6SbeonKeggU8eybv1DfKli90FAVT1MlIZVXfwVuCyg==",
      "dev": true
    },
    "node_modules/ask-sdk-core": {
      "version": "2.12.1",
      "resolved": "https://registry.npmjs.org/ask-sdk-core/-/ask-sdk-core-2.12.1.tgz",
      "integrity": "sha512-2fT7XkHfuI0I6g12Y4mztgzmz7SwrKli8Z2p+eut1dVk8t5BHxWVXZCOVI5GVhW0DJbWwhjPSfOTAZX+zPoKEA==",
      "dependencies": {
        "ask-sdk-runtime": "^2.12.0"
      },
      "peerDependencies": {
        "ask-sdk-model": "^1.29.0"
      }
    },
    "node_modules/ask-sdk-model": {
      "version": "1.42.0",
      "resolved": "https://registry.npmjs.org/ask-sdk-model/-/ask-sdk-model-1.42.0.tgz",
      "integrity": "sha512-/dSQiZ4pwzYB3v6GFOKNH8EYlDw8gSyhzO+iw0Hz1YswrPlW6aP8YZ4bu20Y/poVSQLKl0tYQ16e1xS7x35uaA=="
    },
    "node_modules/ask-sdk-runtime": {
      "version": "2.12.0",
      "resolved": "https://registry.npmjs.org/ask-sdk-runtime/-/ask-sdk-runtime-2.12.0.tgz",
      "integrity": "sha512-5vNTQCjWVnT74Aa39gqBAm3Gvwald0Uu4B1IU4mPTCbBzqEM1XkXkhIc8CWXQOuK7S2SsebjAHEBinrZo+T6lQ=="
    },
    "node_modules/i18next": {
      "version": "22.4.9",
      "resolved": "https://registry.npmjs.org/i18next/-/i18next-22.4.9.tgz",
      "integrity": "sha512-8gWMmUz460KJDQp/ob3MNUX84cVuDRY9PLFPnV8d+Qezz/6dkjxwOaH70xjrCNDO+JrUL25iXfAIN9wUkInNZw==",
      "funding": [
        {
          "type": "individual",
          "url": "https://locize.com"
        },
        {
          "type": "individual",
          "url": "https://locize.com/i18next.html"
        },
        {
          "type": "individual",
          "url": "https://www.i18next.com/how-to/faq#i18next-is-awesome.-how-can-i-support-the-project"
        }
      ],
      "dependencies": {
        "@babel/runtime": "^7.20.6"
      }
    },
    "node_modules/i18next-sprintf-postprocessor": {
      "version": "0.2.2",
      "resolved": "https://registry.npmjs.org/i18next-sprintf-postprocessor/-/i18next-sprintf-postprocessor-0.2.2.tgz",
      "integrity": "sha512-c/IT9xuMyTfJ/3Ds+DPtb0vYVuykbMyGChZ5OGZTzFDV7Kgst1nrNOwdbZ+PkcA5kLXEE3U0RKkNbabj07261w=="
    },
    "node_modules/regenerator-runtime": {
      "version": "0.13.11",
      "resolved": "https://registry.npmjs.org/regenerator-runtime/-/regenerator-runtime-0.13.11.tgz",
      "integrity": "sha512-kY1AZVr2Ra+t+piVaJ4gxaFaReZVH40AKNo7UCX6W+dEwBo/2oZJzqfuN1qLq1oL45o56cPaTXELwrTh8Fpggg=="
    }
  }
}
